
Microsoft Visual Studio Solution File, Format Version 12.00
# Visual Studio Version 17
VisualStudioVersion = 17.6.33815.320
MinimumVisualStudioVersion = 10.0.40219.1
Project("{FAE04EC0-301F-11D3-BF4B-00C04F79EFBC}") = "InvoiceTest", "InvoiceTest\InvoiceTest.csproj", "{385A9CEA-DCD7-452B-9571-67C3E42C33C3}"
EndProject
Global
	GlobalSection(SolutionConfigurationPlatforms) = preSolution
		Debug|Any CPU = Debug|Any CPU
		Release|Any CPU = Release|Any CPU
	EndGlobalSection
	GlobalSection(ProjectConfigurationPlatforms) = postSolution
		{385A9CEA-DCD7-452B-9571-67C3E42C33C3}.Debug|Any CPU.ActiveCfg = Debug|Any CPU
		{385A9CEA-DCD7-452B-9571-67C3E42C33C3}.Debug|Any CPU.Build.0 = Debug|Any CPU
		{385A9CEA-DCD7-452B-9571-67C3E42C33C3}.Release|Any CPU.ActiveCfg = Release|Any CPU
		{385A9CEA-DCD7-452B-9571-67C3E42C33C3}.Release|Any CPU.Build.0 = Release|Any CPU
	EndGlobalSection
	GlobalSection(SolutionProperties) = preSolution
		HideSolutionNode = FALSE
	EndGlobalSection
	GlobalSection(ExtensibilityGlobals) = postSolution
		SolutionGuid = {CF8E1376-6F90-48DD-95A1-D2A15E0F8DBE}
	EndGlobalSection
EndGlobal
